
Microsoft Visual Studio Solution File, Format Version 12.00
# Visual Studio Version 16
VisualStudioVersion = 16.0.33423.256
MinimumVisualStudioVersion = 10.0.40219.1
Project("{FAE04EC0-301F-11D3-BF4B-00C04F79EFBC}") = "Raamen", "Raamen.csproj", "{AD92D639-AE4A-4F48-B1A9-C0D10F61671F}"
EndProject
Global
	GlobalSection(SolutionConfigurationPlatforms) = preSolution
		Debug|Any CPU = Debug|Any CPU
		Release|Any CPU = Release|Any CPU
	EndGlobalSection
	GlobalSection(ProjectConfigurationPlatforms) = postSolution
		{AD92D639-AE4A-4F48-B1A9-C0D10F61671F}.Debug|Any CPU.ActiveCfg = Debug|Any CPU
		{AD92D639-AE4A-4F48-B1A9-C0D10F61671F}.Debug|Any CPU.Build.0 = Debug|Any CPU
		{AD92D639-AE4A-4F48-B1A9-C0D10F61671F}.Release|Any CPU.ActiveCfg = Release|Any CPU
		{AD92D639-AE4A-4F48-B1A9-C0D10F61671F}.Release|Any CPU.Build.0 = Release|Any CPU
	EndGlobalSection
	GlobalSection(SolutionProperties) = preSolution
		HideSolutionNode = FALSE
	EndGlobalSection
	GlobalSection(ExtensibilityGlobals) = postSolution
		SolutionGuid = {3D76DB26-C983-4A83-B796-7F8A5806FD38}
	EndGlobalSection
EndGlobal
